
Microsoft Visual Studio Solution File, Format Version 12.00
# Visual Studio 14
VisualStudioVersion = 14.0.25420.1
MinimumVisualStudioVersion = 10.0.40219.1
Project("{FAE04EC0-301F-11D3-BF4B-00C04F79EFBC}") = "GeoLib.Common.Contracts", "GeoLib.Common.Interfaces\GeoLib.Common.Contracts.csproj", "{3A55BD4A-EB32-41B0-8E95-1CF2200EB885}"
EndProject
Project("{FAE04EC0-301F-11D3-BF4B-00C04F79EFBC}") = "GeoLib.Core", "GeoLib.Core\GeoLib.Core.csproj", "{76AA5304-90E4-4625-B442-A2E37704C613}"
EndProject
Project("{2150E333-8FDC-42A3-9474-1A3956D46DE8}") = "Common", "Common", "{D5777F3C-7E4C-4BED-B0FD-05ECA5752CAC}"
EndProject
Project("{2150E333-8FDC-42A3-9474-1A3956D46DE8}") = "Client", "Client", "{318116EB-B943-40D3-930A-F278A4D6B4F7}"
EndProject
Project("{2150E333-8FDC-42A3-9474-1A3956D46DE8}") = "Data", "Data", "{193EAED2-8562-4F10-8CED-74C13311279B}"
EndProject
Project("{2150E333-8FDC-42A3-9474-1A3956D46DE8}") = "Business", "Business", "{8177E4DC-12EE-42AB-A8CF-4E2E8BBFF016}"
EndProject
Project("{2150E333-8FDC-42A3-9474-1A3956D46DE8}") = "Hosting", "Hosting", "{0BA14EEE-9279-49B2-8FD7-FF13C10C545C}"
EndProject
Project("{FAE04EC0-301F-11D3-BF4B-00C04F79EFBC}") = "GeoLib.Data", "GeoLib.Data\GeoLib.Data.csproj", "{41191A66-D45E-484E-80D3-348A9E69A235}"
EndProject
Project("{FAE04EC0-301F-11D3-BF4B-00C04F79EFBC}") = "GeoLib.Business.Entities", "GeoLib.Business.Entities\GeoLib.Business.Entities.csproj", "{8A49DD76-CE14-434E-B09D-02F995CBD156}"
EndProject
Project("{2150E333-8FDC-42A3-9474-1A3956D46DE8}") = "Testing", "Testing", "{627B5746-1829-42A3-AA6C-688088A5C6B9}"
EndProject
Project("{FAE04EC0-301F-11D3-BF4B-00C04F79EFBC}") = "GeoLib.Data.Test", "GeoLib.Data.Test\GeoLib.Data.Test.csproj", "{DFD6D622-CD28-4921-B90D-AABE441DD006}"
EndProject
Project("{2150E333-8FDC-42A3-9474-1A3956D46DE8}") = "Utils", "Utils", "{4BB94B6F-35EE-456B-92B9-8D5E8E77ED22}"
EndProject
Project("{FAE04EC0-301F-11D3-BF4B-00C04F79EFBC}") = "GeoLib.Utils", "GeoLib.Utils\GeoLib.Utils.csproj", "{E3DA12FA-9E09-429E-AB78-167F0D571C88}"
EndProject
Project("{FAE04EC0-301F-11D3-BF4B-00C04F79EFBC}") = "GeoLib.Business.Contract", "GeoLib.Business.Contract\GeoLib.Business.Contract.csproj", "{5D7C0AAC-4704-4801-8DE6-B0F0D534FBE8}"
EndProject
Project("{FAE04EC0-301F-11D3-BF4B-00C04F79EFBC}") = "GeoLib.Business.Manager", "GeoLib.Business.Manager\GeoLib.Business.Manager.csproj", "{69F7C012-9470-4521-9AF6-F7ECDC572090}"
EndProject
Project("{FAE04EC0-301F-11D3-BF4B-00C04F79EFBC}") = "GeoLib.Client.Contract", "GeoLib.Client.Contract\GeoLib.Client.Contract.csproj", "{D2C87E1F-04AB-49E2-84CE-6AEE99ED3B2B}"
EndProject
Project("{FAE04EC0-301F-11D3-BF4B-00C04F79EFBC}") = "GeoLib.Client.Entities", "GeoLib.Client.Entities\GeoLib.Client.Entities.csproj", "{563E605C-481D-46A0-9429-8E3C15F2FC7F}"
EndProject
Project("{FAE04EC0-301F-11D3-BF4B-00C04F79EFBC}") = "GeoLib.Manager.Test", "GeoLib.Manager.Test\GeoLib.Manager.Test.csproj", "{27FC28FF-E2EE-448D-8D98-2174D580D58B}"
EndProject
Project("{FAE04EC0-301F-11D3-BF4B-00C04F79EFBC}") = "GeoLib.Console.Host", "GeoLib.Console.Host\GeoLib.Console.Host.csproj", "{CBE923B7-AC9E-439A-8F1C-1AB77EB3E504}"
EndProject
Project("{FAE04EC0-301F-11D3-BF4B-00C04F79EFBC}") = "GeoLib.Web.Host", "GeoLib.Web.Host\GeoLib.Web.Host.csproj", "{4A1010A0-6256-46CD-835F-9FFF14E96416}"
EndProject
Project("{FAE04EC0-301F-11D3-BF4B-00C04F79EFBC}") = "GeoLib.Client.Proxies", "GeoLib.Client.Proxies\GeoLib.Client.Proxies.csproj", "{26D2144A-4BF0-49A5-A1D4-A2830CF2643A}"
EndProject
Project("{FAE04EC0-301F-11D3-BF4B-00C04F79EFBC}") = "GeoLib.Client.Desktop", "GeoLib.Client.Desktop\GeoLib.Client.Desktop.csproj", "{F5DF0F6D-49CA-4936-AB60-DBB2A38C1157}"
EndProject
Project("{FAE04EC0-301F-11D3-BF4B-00C04F79EFBC}") = "GeoLib.Client.Console", "GeoLib.Client.Console\GeoLib.Client.Console.csproj", "{99B481FD-A3C0-4792-8D88-70296DBBF8CD}"
EndProject
Project("{2150E333-8FDC-42A3-9474-1A3956D46DE8}") = "WebApi", "WebApi", "{E8B68F19-23FA-4115-9529-8AFD88279B91}"
EndProject
Project("{FAE04EC0-301F-11D3-BF4B-00C04F79EFBC}") = "DemoApplication", "DemoApplication\DemoApplication.csproj", "{0333889D-735A-4B82-A042-E895AF9B579E}"
EndProject
Global
	GlobalSection(SolutionConfigurationPlatforms) = preSolution
		Debug|Any CPU = Debug|Any CPU
		Release|Any CPU = Release|Any CPU
	EndGlobalSection
	GlobalSection(ProjectConfigurationPlatforms) = postSolution
		{3A55BD4A-EB32-41B0-8E95-1CF2200EB885}.Debug|Any CPU.ActiveCfg = Debug|Any CPU
		{3A55BD4A-EB32-41B0-8E95-1CF2200EB885}.Debug|Any CPU.Build.0 = Debug|Any CPU
		{3A55BD4A-EB32-41B0-8E95-1CF2200EB885}.Release|Any CPU.ActiveCfg = Release|Any CPU
		{3A55BD4A-EB32-41B0-8E95-1CF2200EB885}.Release|Any CPU.Build.0 = Release|Any CPU
		{76AA5304-90E4-4625-B442-A2E37704C613}.Debug|Any CPU.ActiveCfg = Debug|Any CPU
		{76AA5304-90E4-4625-B442-A2E37704C613}.Debug|Any CPU.Build.0 = Debug|Any CPU
		{76AA5304-90E4-4625-B442-A2E37704C613}.Release|Any CPU.ActiveCfg = Release|Any CPU
		{76AA5304-90E4-4625-B442-A2E37704C613}.Release|Any CPU.Build.0 = Release|Any CPU
		{41191A66-D45E-484E-80D3-348A9E69A235}.Debug|Any CPU.ActiveCfg = Debug|Any CPU
		{41191A66-D45E-484E-80D3-348A9E69A235}.Debug|Any CPU.Build.0 = Debug|Any CPU
		{41191A66-D45E-484E-80D3-348A9E69A235}.Release|Any CPU.ActiveCfg = Release|Any CPU
		{41191A66-D45E-484E-80D3-348A9E69A235}.Release|Any CPU.Build.0 = Release|Any CPU
		{8A49DD76-CE14-434E-B09D-02F995CBD156}.Debug|Any CPU.ActiveCfg = Debug|Any CPU
		{8A49DD76-CE14-434E-B09D-02F995CBD156}.Debug|Any CPU.Build.0 = Debug|Any CPU
		{8A49DD76-CE14-434E-B09D-02F995CBD156}.Release|Any CPU.ActiveCfg = Release|Any CPU
		{8A49DD76-CE14-434E-B09D-02F995CBD156}.Release|Any CPU.Build.0 = Release|Any CPU
		{DFD6D622-CD28-4921-B90D-AABE441DD006}.Debug|Any CPU.ActiveCfg = Debug|Any CPU
		{DFD6D622-CD28-4921-B90D-AABE441DD006}.Debug|Any CPU.Build.0 = Debug|Any CPU
		{DFD6D622-CD28-4921-B90D-AABE441DD006}.Release|Any CPU.ActiveCfg = Release|Any CPU
		{DFD6D622-CD28-4921-B90D-AABE441DD006}.Release|Any CPU.Build.0 = Release|Any CPU
		{E3DA12FA-9E09-429E-AB78-167F0D571C88}.Debug|Any CPU.ActiveCfg = Debug|Any CPU
		{E3DA12FA-9E09-429E-AB78-167F0D571C88}.Debug|Any CPU.Build.0 = Debug|Any CPU
		{E3DA12FA-9E09-429E-AB78-167F0D571C88}.Release|Any CPU.ActiveCfg = Release|Any CPU
		{E3DA12FA-9E09-429E-AB78-167F0D571C88}.Release|Any CPU.Build.0 = Release|Any CPU
		{5D7C0AAC-4704-4801-8DE6-B0F0D534FBE8}.Debug|Any CPU.ActiveCfg = Debug|Any CPU
		{5D7C0AAC-4704-4801-8DE6-B0F0D534FBE8}.Debug|Any CPU.Build.0 = Debug|Any CPU
		{5D7C0AAC-4704-4801-8DE6-B0F0D534FBE8}.Release|Any CPU.ActiveCfg = Release|Any CPU
		{5D7C0AAC-4704-4801-8DE6-B0F0D534FBE8}.Release|Any CPU.Build.0 = Release|Any CPU
		{69F7C012-9470-4521-9AF6-F7ECDC572090}.Debug|Any CPU.ActiveCfg = Debug|Any CPU
		{69F7C012-9470-4521-9AF6-F7ECDC572090}.Debug|Any CPU.Build.0 = Debug|Any CPU
		{69F7C012-9470-4521-9AF6-F7ECDC572090}.Release|Any CPU.ActiveCfg = Release|Any CPU
		{69F7C012-9470-4521-9AF6-F7ECDC572090}.Release|Any CPU.Build.0 = Release|Any CPU
		{D2C87E1F-04AB-49E2-84CE-6AEE99ED3B2B}.Debug|Any CPU.ActiveCfg = Debug|Any CPU
		{D2C87E1F-04AB-49E2-84CE-6AEE99ED3B2B}.Debug|Any CPU.Build.0 = Debug|Any CPU
		{D2C87E1F-04AB-49E2-84CE-6AEE99ED3B2B}.Release|Any CPU.ActiveCfg = Release|Any CPU
		{D2C87E1F-04AB-49E2-84CE-6AEE99ED3B2B}.Release|Any CPU.Build.0 = Release|Any CPU
		{563E605C-481D-46A0-9429-8E3C15F2FC7F}.Debug|Any CPU.ActiveCfg = Debug|Any CPU
		{563E605C-481D-46A0-9429-8E3C15F2FC7F}.Debug|Any CPU.Build.0 = Debug|Any CPU
		{563E605C-481D-46A0-9429-8E3C15F2FC7F}.Release|Any CPU.ActiveCfg = Release|Any CPU
		{563E605C-481D-46A0-9429-8E3C15F2FC7F}.Release|Any CPU.Build.0 = Release|Any CPU
		{27FC28FF-E2EE-448D-8D98-2174D580D58B}.Debug|Any CPU.ActiveCfg = Debug|Any CPU
		{27FC28FF-E2EE-448D-8D98-2174D580D58B}.Debug|Any CPU.Build.0 = Debug|Any CPU
		{27FC28FF-E2EE-448D-8D98-2174D580D58B}.Release|Any CPU.ActiveCfg = Release|Any CPU
		{27FC28FF-E2EE-448D-8D98-2174D580D58B}.Release|Any CPU.Build.0 = Release|Any CPU
		{CBE923B7-AC9E-439A-8F1C-1AB77EB3E504}.Debug|Any CPU.ActiveCfg = Debug|Any CPU
		{CBE923B7-AC9E-439A-8F1C-1AB77EB3E504}.Debug|Any CPU.Build.0 = Debug|Any CPU
		{CBE923B7-AC9E-439A-8F1C-1AB77EB3E504}.Release|Any CPU.ActiveCfg = Release|Any CPU
		{CBE923B7-AC9E-439A-8F1C-1AB77EB3E504}.Release|Any CPU.Build.0 = Release|Any CPU
		{4A1010A0-6256-46CD-835F-9FFF14E96416}.Debug|Any CPU.ActiveCfg = Debug|Any CPU
		{4A1010A0-6256-46CD-835F-9FFF14E96416}.Debug|Any CPU.Build.0 = Debug|Any CPU
		{4A1010A0-6256-46CD-835F-9FFF14E96416}.Release|Any CPU.ActiveCfg = Release|Any CPU
		{4A1010A0-6256-46CD-835F-9FFF14E96416}.Release|Any CPU.Build.0 = Release|Any CPU
		{26D2144A-4BF0-49A5-A1D4-A2830CF2643A}.Debug|Any CPU.ActiveCfg = Debug|Any CPU
		{26D2144A-4BF0-49A5-A1D4-A2830CF2643A}.Debug|Any CPU.Build.0 = Debug|Any CPU
		{26D2144A-4BF0-49A5-A1D4-A2830CF2643A}.Release|Any CPU.ActiveCfg = Release|Any CPU
		{26D2144A-4BF0-49A5-A1D4-A2830CF2643A}.Release|Any CPU.Build.0 = Release|Any CPU
		{F5DF0F6D-49CA-4936-AB60-DBB2A38C1157}.Debug|Any CPU.ActiveCfg = Debug|Any CPU
		{F5DF0F6D-49CA-4936-AB60-DBB2A38C1157}.Debug|Any CPU.Build.0 = Debug|Any CPU
		{F5DF0F6D-49CA-4936-AB60-DBB2A38C1157}.Release|Any CPU.ActiveCfg = Release|Any CPU
		{F5DF0F6D-49CA-4936-AB60-DBB2A38C1157}.Release|Any CPU.Build.0 = Release|Any CPU
		{99B481FD-A3C0-4792-8D88-70296DBBF8CD}.Debug|Any CPU.ActiveCfg = Debug|Any CPU
		{99B481FD-A3C0-4792-8D88-70296DBBF8CD}.Debug|Any CPU.Build.0 = Debug|Any CPU
		{99B481FD-A3C0-4792-8D88-70296DBBF8CD}.Release|Any CPU.ActiveCfg = Release|Any CPU
		{99B481FD-A3C0-4792-8D88-70296DBBF8CD}.Release|Any CPU.Build.0 = Release|Any CPU
		{0333889D-735A-4B82-A042-E895AF9B579E}.Debug|Any CPU.ActiveCfg = Debug|Any CPU
		{0333889D-735A-4B82-A042-E895AF9B579E}.Debug|Any CPU.Build.0 = Debug|Any CPU
		{0333889D-735A-4B82-A042-E895AF9B579E}.Release|Any CPU.ActiveCfg = Release|Any CPU
		{0333889D-735A-4B82-A042-E895AF9B579E}.Release|Any CPU.Build.0 = Release|Any CPU
	EndGlobalSection
	GlobalSection(SolutionProperties) = preSolution
		HideSolutionNode = FALSE
	EndGlobalSection
	GlobalSection(NestedProjects) = preSolution
		{3A55BD4A-EB32-41B0-8E95-1CF2200EB885} = {D5777F3C-7E4C-4BED-B0FD-05ECA5752CAC}
		{76AA5304-90E4-4625-B442-A2E37704C613} = {D5777F3C-7E4C-4BED-B0FD-05ECA5752CAC}
		{41191A66-D45E-484E-80D3-348A9E69A235} = {193EAED2-8562-4F10-8CED-74C13311279B}
		{8A49DD76-CE14-434E-B09D-02F995CBD156} = {8177E4DC-12EE-42AB-A8CF-4E2E8BBFF016}
		{DFD6D622-CD28-4921-B90D-AABE441DD006} = {627B5746-1829-42A3-AA6C-688088A5C6B9}
		{E3DA12FA-9E09-429E-AB78-167F0D571C88} = {4BB94B6F-35EE-456B-92B9-8D5E8E77ED22}
		{5D7C0AAC-4704-4801-8DE6-B0F0D534FBE8} = {8177E4DC-12EE-42AB-A8CF-4E2E8BBFF016}
		{69F7C012-9470-4521-9AF6-F7ECDC572090} = {8177E4DC-12EE-42AB-A8CF-4E2E8BBFF016}
		{D2C87E1F-04AB-49E2-84CE-6AEE99ED3B2B} = {318116EB-B943-40D3-930A-F278A4D6B4F7}
		{563E605C-481D-46A0-9429-8E3C15F2FC7F} = {318116EB-B943-40D3-930A-F278A4D6B4F7}
		{27FC28FF-E2EE-448D-8D98-2174D580D58B} = {627B5746-1829-42A3-AA6C-688088A5C6B9}
		{CBE923B7-AC9E-439A-8F1C-1AB77EB3E504} = {0BA14EEE-9279-49B2-8FD7-FF13C10C545C}
		{4A1010A0-6256-46CD-835F-9FFF14E96416} = {0BA14EEE-9279-49B2-8FD7-FF13C10C545C}
		{26D2144A-4BF0-49A5-A1D4-A2830CF2643A} = {318116EB-B943-40D3-930A-F278A4D6B4F7}
		{0333889D-735A-4B82-A042-E895AF9B579E} = {E8B68F19-23FA-4115-9529-8AFD88279B91}
	EndGlobalSection
EndGlobal
